{
  "version": 4,
  "terraform_version": "1.0.3",
  "serial": 117,
  "lineage": "91235155-805f-2374-b30a-1165e21824be",
  "outputs": {},
  "resources": [
    {
      "mode": "managed",
      "type": "azurerm_dev_test_global_vm_shutdown_schedule",
      "name": "ubuntu",
      "provider": "provider[\"registry.terraform.io/hashicorp/azurerm\"]",
      "instances": [
        {
          "index_key": 0,
          "schema_version": 0,
          "attributes": {
            "daily_recurrence_time": "0000",
            "enabled": true,
            "id": "/subscriptions/75de9f41-d4c2-4597-bbe3-c69fe62f9528/resourcegroups/loj-vm-sandpit/providers/microsoft.devtestlab/schedules/shutdown-computevm-ubuntu-vm-0",
            "location": "australiasoutheast",
            "notification_settings": [
              {
                "enabled": false,
                "time_in_minutes": 30,
                "webhook_url": ""
              }
            ],
            "tags": null,
            "timeouts": null,
            "timezone": "E. Australia Standard Time",
            "virtual_machine_id": "/subscriptions/75de9f41-d4c2-4597-bbe3-c69fe62f9528/resourceGroups/loj-vm-sandpit/providers/Microsoft.Compute/virtualMachines/UBUNTU-VM-0"
          },
          "sensitive_attributes": [],
          "private": "eyJlMmJmYjczMC1lY2FhLTExZTYtOGY4OC0zNDM2M2JjN2M0YzAiOnsiY3JlYXRlIjoxODAwMDAwMDAwMDAwLCJkZWxldGUiOjE4MDAwMDAwMDAwMDAsInJlYWQiOjMwMDAwMDAwMDAwMCwidXBkYXRlIjoxODAwMDAwMDAwMDAwfX0=",
          "dependencies": [
            "azurerm_linux_virtual_machine.ubuntu",
            "azurerm_resource_group.ubuntu"
          ]
        },
        {
          "index_key": 1,
          "schema_version": 0,
          "attributes": {
            "daily_recurrence_time": "0000",
            "enabled": true,
            "id": "/subscriptions/75de9f41-d4c2-4597-bbe3-c69fe62f9528/resourcegroups/loj-vm-sandpit/providers/microsoft.devtestlab/schedules/shutdown-computevm-ubuntu-vm-1",
            "location": "australiasoutheast",
            "notification_settings": [
              {
                "enabled": false,
                "time_in_minutes": 30,
                "webhook_url": ""
              }
            ],
            "tags": null,
            "timeouts": null,
            "timezone": "E. Australia Standard Time",
            "virtual_machine_id": "/subscriptions/75de9f41-d4c2-4597-bbe3-c69fe62f9528/resourceGroups/loj-vm-sandpit/providers/Microsoft.Compute/virtualMachines/UBUNTU-VM-1"
          },
          "sensitive_attributes": [],
          "private": "eyJlMmJmYjczMC1lY2FhLTExZTYtOGY4OC0zNDM2M2JjN2M0YzAiOnsiY3JlYXRlIjoxODAwMDAwMDAwMDAwLCJkZWxldGUiOjE4MDAwMDAwMDAwMDAsInJlYWQiOjMwMDAwMDAwMDAwMCwidXBkYXRlIjoxODAwMDAwMDAwMDAwfX0=",
          "dependencies": [
            "azurerm_linux_virtual_machine.ubuntu",
            "azurerm_resource_group.ubuntu"
          ]
        }
      ]
    },
    {
      "mode": "managed",
      "type": "azurerm_linux_virtual_machine",
      "name": "ubuntu",
      "provider": "provider[\"registry.terraform.io/hashicorp/azurerm\"]",
      "instances": [
        {
          "index_key": 0,
          "schema_version": 0,
          "attributes": {
            "additional_capabilities": [],
            "admin_password": null,
            "admin_ssh_key": [
              {
                "public_key": "ssh-rsa AAAAB3NzaC1yc2EAAAADAQABAAABAQD9gVPVPCSpvF+qYBQOUPGnXwzmXwdztLDoiwNu5eRAsbU75CCRN9JMb0Rv3/ZQ25rvWs2tHjdaGps79Nv80/IATibRIUtYvqbhj8nIJY+M6N//3vwiOA48PM1TWls88f/dfaHBKbCsX9ZZCtcSMlmSxOzyPd86mG65z3SyPhYPQlOQjlxg5gW9wp/eJohovZChoH/QvfQEXHcctnfPKErRn4bHWPz0XlovCwtaUCKJa6D3yNJ/HeqD/D3ib8ko8hR1jjTuvPuiQo+147PEQmD81dRcWJGwePsMs18EXo2wtYVqZgYThfxrTyK9wRNvBtdQwXLDdPJlYJhTGrUwjDwL johannlo@tiny\n",
                "username": "johannlo"
              }
            ],
            "admin_username": "johannlo",
            "allow_extension_operations": true,
            "availability_set_id": "",
            "boot_diagnostics": [],
            "computer_name": "UBUNTU-VM-0",
            "custom_data": null,
            "dedicated_host_id": "",
            "disable_password_authentication": true,
            "encryption_at_host_enabled": false,
            "eviction_policy": "",
            "extensions_time_budget": "PT1H30M",
            "id": "/subscriptions/75de9f41-d4c2-4597-bbe3-c69fe62f9528/resourceGroups/loj-vm-sandpit/providers/Microsoft.Compute/virtualMachines/UBUNTU-VM-0",
            "identity": [],
            "license_type": "",
            "location": "australiasoutheast",
            "max_bid_price": -1,
            "name": "UBUNTU-VM-0",
            "network_interface_ids": [
              "/subscriptions/75de9f41-d4c2-4597-bbe3-c69fe62f9528/resourceGroups/loj-vm-sandpit/providers/Microsoft.Network/networkInterfaces/UBUNTU-NIC-0"
            ],
            "os_disk": [
              {
                "caching": "ReadWrite",
                "diff_disk_settings": [],
                "disk_encryption_set_id": "",
                "disk_size_gb": 30,
                "name": "UBUNTU-VM-0_OsDisk_1_e3223ecae49846448224b92720292aff",
                "storage_account_type": "Standard_LRS",
                "write_accelerator_enabled": false
              }
            ],
            "plan": [],
            "platform_fault_domain": -1,
            "priority": "Regular",
            "private_ip_address": "10.0.2.4",
            "private_ip_addresses": [
              "10.0.2.4"
            ],
            "provision_vm_agent": true,
            "proximity_placement_group_id": "",
            "public_ip_address": "52.147.39.188",
            "public_ip_addresses": [
              "52.147.39.188"
            ],
            "resource_group_name": "loj-vm-sandpit",
            "secret": [],
            "size": "Standard_DS1_v2",
            "source_image_id": "",
            "source_image_reference": [
              {
                "offer": "UbuntuServer",
                "publisher": "Canonical",
                "sku": "18_04-lts-gen2",
                "version": "latest"
              }
            ],
            "tags": {
              "CostCenter": "790-5300",
              "ExpectedUseThrough": "2023-04",
              "Name": "Johann Lo",
              "VMState": "ShutdownAtNight",
              "role": "vm-sandpit",
              "username": "loj"
            },
            "timeouts": null,
            "virtual_machine_id": "33fe367f-0645-4c45-8712-6acc55da3bf5",
            "virtual_machine_scale_set_id": "",
            "zone": ""
          },
          "sensitive_attributes": [],
          "private": "eyJlMmJmYjczMC1lY2FhLTExZTYtOGY4OC0zNDM2M2JjN2M0YzAiOnsiY3JlYXRlIjoyNzAwMDAwMDAwMDAwLCJkZWxldGUiOjI3MDAwMDAwMDAwMDAsInJlYWQiOjMwMDAwMDAwMDAwMCwidXBkYXRlIjoyNzAwMDAwMDAwMDAwfX0=",
          "dependencies": [
            "azurerm_virtual_network.ubuntu",
            "azurerm_network_interface.ubuntu",
            "azurerm_public_ip.ubuntu",
            "azurerm_resource_group.ubuntu",
            "azurerm_subnet.ubuntu"
          ]
        },
        {
          "index_key": 1,
          "schema_version": 0,
          "attributes": {
            "additional_capabilities": [],
            "admin_password": null,
            "admin_ssh_key": [
              {
                "public_key": "ssh-rsa AAAAB3NzaC1yc2EAAAADAQABAAABAQD9gVPVPCSpvF+qYBQOUPGnXwzmXwdztLDoiwNu5eRAsbU75CCRN9JMb0Rv3/ZQ25rvWs2tHjdaGps79Nv80/IATibRIUtYvqbhj8nIJY+M6N//3vwiOA48PM1TWls88f/dfaHBKbCsX9ZZCtcSMlmSxOzyPd86mG65z3SyPhYPQlOQjlxg5gW9wp/eJohovZChoH/QvfQEXHcctnfPKErRn4bHWPz0XlovCwtaUCKJa6D3yNJ/HeqD/D3ib8ko8hR1jjTuvPuiQo+147PEQmD81dRcWJGwePsMs18EXo2wtYVqZgYThfxrTyK9wRNvBtdQwXLDdPJlYJhTGrUwjDwL johannlo@tiny\n",
                "username": "johannlo"
              }
            ],
            "admin_username": "johannlo",
            "allow_extension_operations": true,
            "availability_set_id": "",
            "boot_diagnostics": [],
            "computer_name": "UBUNTU-VM-1",
            "custom_data": null,
            "dedicated_host_id": "",
            "disable_password_authentication": true,
            "encryption_at_host_enabled": false,
            "eviction_policy": "",
            "extensions_time_budget": "PT1H30M",
            "id": "/subscriptions/75de9f41-d4c2-4597-bbe3-c69fe62f9528/resourceGroups/loj-vm-sandpit/providers/Microsoft.Compute/virtualMachines/UBUNTU-VM-1",
            "identity": [],
            "license_type": "",
            "location": "australiasoutheast",
            "max_bid_price": -1,
            "name": "UBUNTU-VM-1",
            "network_interface_ids": [
              "/subscriptions/75de9f41-d4c2-4597-bbe3-c69fe62f9528/resourceGroups/loj-vm-sandpit/providers/Microsoft.Network/networkInterfaces/UBUNTU-NIC-1"
            ],
            "os_disk": [
              {
                "caching": "ReadWrite",
                "diff_disk_settings": [],
                "disk_encryption_set_id": "",
                "disk_size_gb": 30,
                "name": "UBUNTU-VM-1_OsDisk_1_48ec988ded6a46a78e31a3fc53f14f0d",
                "storage_account_type": "Standard_LRS",
                "write_accelerator_enabled": false
              }
            ],
            "plan": [],
            "platform_fault_domain": -1,
            "priority": "Regular",
            "private_ip_address": "10.0.2.5",
            "private_ip_addresses": [
              "10.0.2.5"
            ],
            "provision_vm_agent": true,
            "proximity_placement_group_id": "",
            "public_ip_address": "52.147.39.165",
            "public_ip_addresses": [
              "52.147.39.165"
            ],
            "resource_group_name": "loj-vm-sandpit",
            "secret": [],
            "size": "Standard_DS1_v2",
            "source_image_id": "",
            "source_image_reference": [
              {
                "offer": "UbuntuServer",
                "publisher": "Canonical",
                "sku": "18_04-lts-gen2",
                "version": "latest"
              }
            ],
            "tags": {
              "CostCenter": "790-5300",
              "ExpectedUseThrough": "2023-04",
              "Name": "Johann Lo",
              "VMState": "ShutdownAtNight",
              "role": "vm-sandpit",
              "username": "loj"
            },
            "timeouts": null,
            "virtual_machine_id": "9068f1be-d9fb-4a58-be40-e3590b2030f3",
            "virtual_machine_scale_set_id": "",
            "zone": ""
          },
          "sensitive_attributes": [],
          "private": "eyJlMmJmYjczMC1lY2FhLTExZTYtOGY4OC0zNDM2M2JjN2M0YzAiOnsiY3JlYXRlIjoyNzAwMDAwMDAwMDAwLCJkZWxldGUiOjI3MDAwMDAwMDAwMDAsInJlYWQiOjMwMDAwMDAwMDAwMCwidXBkYXRlIjoyNzAwMDAwMDAwMDAwfX0=",
          "dependencies": [
            "azurerm_network_interface.ubuntu",
            "azurerm_public_ip.ubuntu",
            "azurerm_resource_group.ubuntu",
            "azurerm_subnet.ubuntu",
            "azurerm_virtual_network.ubuntu"
          ]
        }
      ]
    },
    {
      "mode": "managed",
      "type": "azurerm_network_interface",
      "name": "ubuntu",
      "provider": "provider[\"registry.terraform.io/hashicorp/azurerm\"]",
      "instances": [
        {
          "index_key": 0,
          "schema_version": 0,
          "attributes": {
            "applied_dns_servers": [],
            "dns_servers": [],
            "enable_accelerated_networking": false,
            "enable_ip_forwarding": false,
            "id": "/subscriptions/75de9f41-d4c2-4597-bbe3-c69fe62f9528/resourceGroups/loj-vm-sandpit/providers/Microsoft.Network/networkInterfaces/UBUNTU-NIC-0",
            "internal_dns_name_label": "",
            "internal_domain_name_suffix": "mqzwwe4j4yjeda3qjublhn2noh.qx.internal.cloudapp.net",
            "ip_configuration": [
              {
                "name": "internal",
                "primary": true,
                "private_ip_address": "10.0.2.4",
                "private_ip_address_allocation": "Dynamic",
                "private_ip_address_version": "IPv4",
                "public_ip_address_id": "/subscriptions/75de9f41-d4c2-4597-bbe3-c69fe62f9528/resourceGroups/loj-vm-sandpit/providers/Microsoft.Network/publicIPAddresses/UBUNTU-VM-NIC-00",
                "subnet_id": "/subscriptions/75de9f41-d4c2-4597-bbe3-c69fe62f9528/resourceGroups/loj-vm-sandpit/providers/Microsoft.Network/virtualNetworks/ubuntu-network/subnets/internal"
              }
            ],
            "location": "australiasoutheast",
            "mac_address": "00-22-48-14-4A-A0",
            "name": "UBUNTU-NIC-0",
            "private_ip_address": "10.0.2.4",
            "private_ip_addresses": [
              "10.0.2.4"
            ],
            "resource_group_name": "loj-vm-sandpit",
            "tags": {
              "CostCenter": "790-5300",
              "ExpectedUseThrough": "2023-04",
              "Name": "Johann Lo",
              "VMState": "ShutdownAtNight",
              "role": "vm-sandpit",
              "username": "loj"
            },
            "timeouts": null,
            "virtual_machine_id": "/subscriptions/75de9f41-d4c2-4597-bbe3-c69fe62f9528/resourceGroups/loj-vm-sandpit/providers/Microsoft.Compute/virtualMachines/UBUNTU-VM-0"
          },
          "sensitive_attributes": [],
          "private": "eyJlMmJmYjczMC1lY2FhLTExZTYtOGY4OC0zNDM2M2JjN2M0YzAiOnsiY3JlYXRlIjoxODAwMDAwMDAwMDAwLCJkZWxldGUiOjE4MDAwMDAwMDAwMDAsInJlYWQiOjMwMDAwMDAwMDAwMCwidXBkYXRlIjoxODAwMDAwMDAwMDAwfX0=",
          "dependencies": [
            "azurerm_subnet.ubuntu",
            "azurerm_virtual_network.ubuntu",
            "azurerm_public_ip.ubuntu",
            "azurerm_resource_group.ubuntu"
          ]
        },
        {
          "index_key": 1,
          "schema_version": 0,
          "attributes": {
            "applied_dns_servers": [],
            "dns_servers": [],
            "enable_accelerated_networking": false,
            "enable_ip_forwarding": false,
            "id": "/subscriptions/75de9f41-d4c2-4597-bbe3-c69fe62f9528/resourceGroups/loj-vm-sandpit/providers/Microsoft.Network/networkInterfaces/UBUNTU-NIC-1",
            "internal_dns_name_label": "",
            "internal_domain_name_suffix": "mqzwwe4j4yjeda3qjublhn2noh.qx.internal.cloudapp.net",
            "ip_configuration": [
              {
                "name": "internal",
                "primary": true,
                "private_ip_address": "10.0.2.5",
                "private_ip_address_allocation": "Dynamic",
                "private_ip_address_version": "IPv4",
                "public_ip_address_id": "/subscriptions/75de9f41-d4c2-4597-bbe3-c69fe62f9528/resourceGroups/loj-vm-sandpit/providers/Microsoft.Network/publicIPAddresses/UBUNTU-VM-NIC-01",
                "subnet_id": "/subscriptions/75de9f41-d4c2-4597-bbe3-c69fe62f9528/resourceGroups/loj-vm-sandpit/providers/Microsoft.Network/virtualNetworks/ubuntu-network/subnets/internal"
              }
            ],
            "location": "australiasoutheast",
            "mac_address": "00-22-48-14-46-D9",
            "name": "UBUNTU-NIC-1",
            "private_ip_address": "10.0.2.5",
            "private_ip_addresses": [
              "10.0.2.5"
            ],
            "resource_group_name": "loj-vm-sandpit",
            "tags": {
              "CostCenter": "790-5300",
              "ExpectedUseThrough": "2023-04",
              "Name": "Johann Lo",
              "VMState": "ShutdownAtNight",
              "role": "vm-sandpit",
              "username": "loj"
            },
            "timeouts": null,
            "virtual_machine_id": "/subscriptions/75de9f41-d4c2-4597-bbe3-c69fe62f9528/resourceGroups/loj-vm-sandpit/providers/Microsoft.Compute/virtualMachines/UBUNTU-VM-1"
          },
          "sensitive_attributes": [],
          "private": "eyJlMmJmYjczMC1lY2FhLTExZTYtOGY4OC0zNDM2M2JjN2M0YzAiOnsiY3JlYXRlIjoxODAwMDAwMDAwMDAwLCJkZWxldGUiOjE4MDAwMDAwMDAwMDAsInJlYWQiOjMwMDAwMDAwMDAwMCwidXBkYXRlIjoxODAwMDAwMDAwMDAwfX0=",
          "dependencies": [
            "azurerm_public_ip.ubuntu",
            "azurerm_resource_group.ubuntu",
            "azurerm_subnet.ubuntu",
            "azurerm_virtual_network.ubuntu"
          ]
        }
      ]
    },
    {
      "mode": "managed",
      "type": "azurerm_network_interface_security_group_association",
      "name": "ubuntu",
      "provider": "provider[\"registry.terraform.io/hashicorp/azurerm\"]",
      "instances": [
        {
          "index_key": 0,
          "schema_version": 0,
          "attributes": {
            "id": "/subscriptions/75de9f41-d4c2-4597-bbe3-c69fe62f9528/resourceGroups/loj-vm-sandpit/providers/Microsoft.Network/networkInterfaces/UBUNTU-NIC-0|/subscriptions/75de9f41-d4c2-4597-bbe3-c69fe62f9528/resourceGroups/loj-vm-sandpit/providers/Microsoft.Network/networkSecurityGroups/ubuntu-security-group1",
            "network_interface_id": "/subscriptions/75de9f41-d4c2-4597-bbe3-c69fe62f9528/resourceGroups/loj-vm-sandpit/providers/Microsoft.Network/networkInterfaces/UBUNTU-NIC-0",
            "network_security_group_id": "/subscriptions/75de9f41-d4c2-4597-bbe3-c69fe62f9528/resourceGroups/loj-vm-sandpit/providers/Microsoft.Network/networkSecurityGroups/ubuntu-security-group1",
            "timeouts": null
          },
          "sensitive_attributes": [],
          "private": "eyJlMmJmYjczMC1lY2FhLTExZTYtOGY4OC0zNDM2M2JjN2M0YzAiOnsiY3JlYXRlIjoxODAwMDAwMDAwMDAwLCJkZWxldGUiOjE4MDAwMDAwMDAwMDAsInJlYWQiOjMwMDAwMDAwMDAwMCwidXBkYXRlIjoxODAwMDAwMDAwMDAwfX0=",
          "dependencies": [
            "azurerm_network_security_group.ubuntu",
            "azurerm_public_ip.ubuntu",
            "azurerm_resource_group.ubuntu",
            "azurerm_subnet.ubuntu",
            "azurerm_virtual_network.ubuntu",
            "azurerm_network_interface.ubuntu"
          ]
        },
        {
          "index_key": 1,
          "schema_version": 0,
          "attributes": {
            "id": "/subscriptions/75de9f41-d4c2-4597-bbe3-c69fe62f9528/resourceGroups/loj-vm-sandpit/providers/Microsoft.Network/networkInterfaces/UBUNTU-NIC-1|/subscriptions/75de9f41-d4c2-4597-bbe3-c69fe62f9528/resourceGroups/loj-vm-sandpit/providers/Microsoft.Network/networkSecurityGroups/ubuntu-security-group1",
            "network_interface_id": "/subscriptions/75de9f41-d4c2-4597-bbe3-c69fe62f9528/resourceGroups/loj-vm-sandpit/providers/Microsoft.Network/networkInterfaces/UBUNTU-NIC-1",
            "network_security_group_id": "/subscriptions/75de9f41-d4c2-4597-bbe3-c69fe62f9528/resourceGroups/loj-vm-sandpit/providers/Microsoft.Network/networkSecurityGroups/ubuntu-security-group1",
            "timeouts": null
          },
          "sensitive_attributes": [],
          "private": "eyJlMmJmYjczMC1lY2FhLTExZTYtOGY4OC0zNDM2M2JjN2M0YzAiOnsiY3JlYXRlIjoxODAwMDAwMDAwMDAwLCJkZWxldGUiOjE4MDAwMDAwMDAwMDAsInJlYWQiOjMwMDAwMDAwMDAwMCwidXBkYXRlIjoxODAwMDAwMDAwMDAwfX0=",
          "dependencies": [
            "azurerm_network_interface.ubuntu",
            "azurerm_network_security_group.ubuntu",
            "azurerm_public_ip.ubuntu",
            "azurerm_resource_group.ubuntu",
            "azurerm_subnet.ubuntu",
            "azurerm_virtual_network.ubuntu"
          ]
        }
      ]
    },
    {
      "mode": "managed",
      "type": "azurerm_network_security_group",
      "name": "ubuntu",
      "provider": "provider[\"registry.terraform.io/hashicorp/azurerm\"]",
      "instances": [
        {
          "schema_version": 0,
          "attributes": {
            "id": "/subscriptions/75de9f41-d4c2-4597-bbe3-c69fe62f9528/resourceGroups/loj-vm-sandpit/providers/Microsoft.Network/networkSecurityGroups/ubuntu-security-group1",
            "location": "australiasoutheast",
            "name": "ubuntu-security-group1",
            "resource_group_name": "loj-vm-sandpit",
            "security_rule": [
              {
                "access": "Allow",
                "description": "",
                "destination_address_prefix": "*",
                "destination_address_prefixes": [],
                "destination_application_security_group_ids": [],
                "destination_port_range": "22",
                "destination_port_ranges": [],
                "direction": "Inbound",
                "name": "ssh",
                "priority": 100,
                "protocol": "Tcp",
                "source_address_prefix": "*",
                "source_address_prefixes": [],
                "source_application_security_group_ids": [],
                "source_port_range": "*",
                "source_port_ranges": []
              },
              {
                "access": "Allow",
                "description": "",
                "destination_address_prefix": "*",
                "destination_address_prefixes": [],
                "destination_application_security_group_ids": [],
                "destination_port_range": "443",
                "destination_port_ranges": [],
                "direction": "Inbound",
                "name": "https",
                "priority": 120,
                "protocol": "Tcp",
                "source_address_prefix": "*",
                "source_address_prefixes": [],
                "source_application_security_group_ids": [],
                "source_port_range": "*",
                "source_port_ranges": []
              },
              {
                "access": "Allow",
                "description": "",
                "destination_address_prefix": "*",
                "destination_address_prefixes": [],
                "destination_application_security_group_ids": [],
                "destination_port_range": "80",
                "destination_port_ranges": [],
                "direction": "Inbound",
                "name": "http",
                "priority": 110,
                "protocol": "Tcp",
                "source_address_prefix": "*",
                "source_address_prefixes": [],
                "source_application_security_group_ids": [],
                "source_port_range": "*",
                "source_port_ranges": []
              }
            ],
            "tags": {
              "CostCenter": "790-5300",
              "ExpectedUseThrough": "2023-04",
              "Name": "Johann Lo",
              "VMState": "ShutdownAtNight",
              "role": "vm-sandpit",
              "username": "loj"
            },
            "timeouts": null
          },
          "sensitive_attributes": [],
          "private": "eyJlMmJmYjczMC1lY2FhLTExZTYtOGY4OC0zNDM2M2JjN2M0YzAiOnsiY3JlYXRlIjoxODAwMDAwMDAwMDAwLCJkZWxldGUiOjE4MDAwMDAwMDAwMDAsInJlYWQiOjMwMDAwMDAwMDAwMCwidXBkYXRlIjoxODAwMDAwMDAwMDAwfX0=",
          "dependencies": [
            "azurerm_resource_group.ubuntu"
          ]
        }
      ]
    },
    {
      "mode": "managed",
      "type": "azurerm_public_ip",
      "name": "ubuntu",
      "provider": "provider[\"registry.terraform.io/hashicorp/azurerm\"]",
      "instances": [
        {
          "index_key": 0,
          "schema_version": 0,
          "attributes": {
            "allocation_method": "Dynamic",
            "availability_zone": "No-Zone",
            "domain_name_label": null,
            "fqdn": null,
            "id": "/subscriptions/75de9f41-d4c2-4597-bbe3-c69fe62f9528/resourceGroups/loj-vm-sandpit/providers/Microsoft.Network/publicIPAddresses/UBUNTU-VM-NIC-00",
            "idle_timeout_in_minutes": 4,
            "ip_address": "52.147.39.188",
            "ip_tags": {},
            "ip_version": "IPv4",
            "location": "australiasoutheast",
            "name": "UBUNTU-VM-NIC-00",
            "public_ip_prefix_id": null,
            "resource_group_name": "loj-vm-sandpit",
            "reverse_fqdn": null,
            "sku": "Basic",
            "tags": {
              "CostCenter": "790-5300",
              "ExpectedUseThrough": "2023-04",
              "Name": "Johann Lo",
              "VMState": "ShutdownAtNight",
              "role": "vm-sandpit",
              "username": "loj"
            },
            "timeouts": null,
            "zones": []
          },
          "sensitive_attributes": [],
          "private": "eyJlMmJmYjczMC1lY2FhLTExZTYtOGY4OC0zNDM2M2JjN2M0YzAiOnsiY3JlYXRlIjoxODAwMDAwMDAwMDAwLCJkZWxldGUiOjE4MDAwMDAwMDAwMDAsInJlYWQiOjMwMDAwMDAwMDAwMCwidXBkYXRlIjoxODAwMDAwMDAwMDAwfX0=",
          "dependencies": [
            "azurerm_resource_group.ubuntu"
          ]
        },
        {
          "index_key": 1,
          "schema_version": 0,
          "attributes": {
            "allocation_method": "Dynamic",
            "availability_zone": "No-Zone",
            "domain_name_label": null,
            "fqdn": null,
            "id": "/subscriptions/75de9f41-d4c2-4597-bbe3-c69fe62f9528/resourceGroups/loj-vm-sandpit/providers/Microsoft.Network/publicIPAddresses/UBUNTU-VM-NIC-01",
            "idle_timeout_in_minutes": 4,
            "ip_address": "52.147.39.165",
            "ip_tags": {},
            "ip_version": "IPv4",
            "location": "australiasoutheast",
            "name": "UBUNTU-VM-NIC-01",
            "public_ip_prefix_id": null,
            "resource_group_name": "loj-vm-sandpit",
            "reverse_fqdn": null,
            "sku": "Basic",
            "tags": {
              "CostCenter": "790-5300",
              "ExpectedUseThrough": "2023-04",
              "Name": "Johann Lo",
              "VMState": "ShutdownAtNight",
              "role": "vm-sandpit",
              "username": "loj"
            },
            "timeouts": null,
            "zones": []
          },
          "sensitive_attributes": [],
          "private": "eyJlMmJmYjczMC1lY2FhLTExZTYtOGY4OC0zNDM2M2JjN2M0YzAiOnsiY3JlYXRlIjoxODAwMDAwMDAwMDAwLCJkZWxldGUiOjE4MDAwMDAwMDAwMDAsInJlYWQiOjMwMDAwMDAwMDAwMCwidXBkYXRlIjoxODAwMDAwMDAwMDAwfX0=",
          "dependencies": [
            "azurerm_resource_group.ubuntu"
          ]
        }
      ]
    },
    {
      "mode": "managed",
      "type": "azurerm_resource_group",
      "name": "ubuntu",
      "provider": "provider[\"registry.terraform.io/hashicorp/azurerm\"]",
      "instances": [
        {
          "schema_version": 0,
          "attributes": {
            "id": "/subscriptions/75de9f41-d4c2-4597-bbe3-c69fe62f9528/resourceGroups/loj-vm-sandpit",
            "location": "australiasoutheast",
            "name": "loj-vm-sandpit",
            "tags": {
              "CostCenter": "790-5300",
              "ExpectedUseThrough": "2023-04",
              "Name": "Johann Lo",
              "VMState": "ShutdownAtNight",
              "role": "vm-sandpit",
              "username": "loj"
            },
            "timeouts": null
          },
          "sensitive_attributes": [],
          "private": "eyJlMmJmYjczMC1lY2FhLTExZTYtOGY4OC0zNDM2M2JjN2M0YzAiOnsiY3JlYXRlIjo1NDAwMDAwMDAwMDAwLCJkZWxldGUiOjU0MDAwMDAwMDAwMDAsInJlYWQiOjMwMDAwMDAwMDAwMCwidXBkYXRlIjo1NDAwMDAwMDAwMDAwfX0="
        }
      ]
    },
    {
      "mode": "managed",
      "type": "azurerm_subnet",
      "name": "ubuntu",
      "provider": "provider[\"registry.terraform.io/hashicorp/azurerm\"]",
      "instances": [
        {
          "schema_version": 0,
          "attributes": {
            "address_prefix": "10.0.2.0/24",
            "address_prefixes": [
              "10.0.2.0/24"
            ],
            "delegation": [],
            "enforce_private_link_endpoint_network_policies": false,
            "enforce_private_link_service_network_policies": false,
            "id": "/subscriptions/75de9f41-d4c2-4597-bbe3-c69fe62f9528/resourceGroups/loj-vm-sandpit/providers/Microsoft.Network/virtualNetworks/ubuntu-network/subnets/internal",
            "name": "internal",
            "resource_group_name": "loj-vm-sandpit",
            "service_endpoint_policy_ids": [],
            "service_endpoints": [],
            "timeouts": null,
            "virtual_network_name": "ubuntu-network"
          },
          "sensitive_attributes": [],
          "private": "eyJlMmJmYjczMC1lY2FhLTExZTYtOGY4OC0zNDM2M2JjN2M0YzAiOnsiY3JlYXRlIjoxODAwMDAwMDAwMDAwLCJkZWxldGUiOjE4MDAwMDAwMDAwMDAsInJlYWQiOjMwMDAwMDAwMDAwMCwidXBkYXRlIjoxODAwMDAwMDAwMDAwfX0=",
          "dependencies": [
            "azurerm_resource_group.ubuntu",
            "azurerm_virtual_network.ubuntu"
          ]
        }
      ]
    },
    {
      "mode": "managed",
      "type": "azurerm_virtual_network",
      "name": "ubuntu",
      "provider": "provider[\"registry.terraform.io/hashicorp/azurerm\"]",
      "instances": [
        {
          "schema_version": 0,
          "attributes": {
            "address_space": [
              "10.0.0.0/16"
            ],
            "bgp_community": "",
            "ddos_protection_plan": [],
            "dns_servers": [],
            "guid": "136b3364-f6c9-4112-83b0-4d02b3b78d77",
            "id": "/subscriptions/75de9f41-d4c2-4597-bbe3-c69fe62f9528/resourceGroups/loj-vm-sandpit/providers/Microsoft.Network/virtualNetworks/ubuntu-network",
            "location": "australiasoutheast",
            "name": "ubuntu-network",
            "resource_group_name": "loj-vm-sandpit",
            "subnet": [
              {
                "address_prefix": "10.0.2.0/24",
                "id": "/subscriptions/75de9f41-d4c2-4597-bbe3-c69fe62f9528/resourceGroups/loj-vm-sandpit/providers/Microsoft.Network/virtualNetworks/ubuntu-network/subnets/internal",
                "name": "internal",
                "security_group": ""
              }
            ],
            "tags": {
              "CostCenter": "790-5300",
              "ExpectedUseThrough": "2023-04",
              "Name": "Johann Lo",
              "VMState": "ShutdownAtNight",
              "role": "vm-sandpit",
              "username": "loj"
            },
            "timeouts": null,
            "vm_protection_enabled": false
          },
          "sensitive_attributes": [],
          "private": "eyJlMmJmYjczMC1lY2FhLTExZTYtOGY4OC0zNDM2M2JjN2M0YzAiOnsiY3JlYXRlIjoxODAwMDAwMDAwMDAwLCJkZWxldGUiOjE4MDAwMDAwMDAwMDAsInJlYWQiOjMwMDAwMDAwMDAwMCwidXBkYXRlIjoxODAwMDAwMDAwMDAwfX0=",
          "dependencies": [
            "azurerm_resource_group.ubuntu"
          ]
        }
      ]
    }
  ]
}
